<?xml version="1.0" encoding="utf-8"?>
<Project ToolsVersion="4.0" xmlns="http://schemas.microsoft.com/developer/msbuild/2003">
  <ItemGroup>
    <Filter Include="mDNSShared">
      <UniqueIdentifier>{5121e440-0cad-4442-93ae-8e2eda9e15b8}</UniqueIdentifier>
    </Filter>
    <Filter Include="headers">
      <UniqueIdentifier>{93995380-89BD-4b04-88EB-625FBE52EBFB}</UniqueIdentifier>
      <Extensions>h;hh;hpp;hxx;hm;inl;inc;ipp;xsd</Extensions>
    </Filter>
    <Filter Include="sources">
      <UniqueIdentifier>{4FC737F1-C7A5-4376-A066-2A32D752A2FF}</UniqueIdentifier>
      <Extensions>cpp;c;cc;cxx;def;odl;idl;hpj;bat;asm;asmx</Extensions>
    </Filter>
  </ItemGroup>
  <ItemGroup>
    <ClInclude Include="mDNSShared\CommonServices.h">
      <Filter>mDNSShared</Filter>
    </ClInclude>
    <ClInclude Include="mDNSShared\DebugServices.h">
      <Filter>mDNSShared</Filter>
    </ClInclude>
    <ClInclude Include="mDNSShared\dns_sd.h">
      <Filter>mDNSShared</Filter>
    </ClInclude>
    <ClInclude Include="mDNSShared\dnssd_ipc.h">
      <Filter>mDNSShared</Filter>
    </ClInclude>
    <ClInclude Include="mDNSShared\GenLinkedList.h">
      <Filter>mDNSShared</Filter>
    </ClInclude>
  </ItemGroup>
  <ItemGroup>
    <ClCompile Include="mDNSShared\DebugServices.c">
      <Filter>mDNSShared</Filter>
    </ClCompile>
    <ClCompile Include="mDNSShared\dnssd_clientlib.c">
      <Filter>mDNSShared</Filter>
    </ClCompile>
    <ClCompile Include="mDNSShared\dnssd_clientstub.c">
      <Filter>mDNSShared</Filter>
    </ClCompile>
    <ClCompile Include="mDNSShared\dnssd_ipc.c">
      <Filter>mDNSShared</Filter>
    </ClCompile>
    <ClCompile Include="mDNSShared\GenLinkedList.c">
      <Filter>mDNSShared</Filter>
    </ClCompile>
    <ClCompile Include="dllmain.c">
      <Filter>sources</Filter>
    </ClCompile>
  </ItemGroup>
  <ItemGroup>
    <None Include="dnssd.def">
      <Filter>sources</Filter>
    </None>
  </ItemGroup>
</Project>